
Microsoft Visual Studio Solution File, Format Version 12.00
# Visual Studio 15
VisualStudioVersion = 15.0.28307.1321
MinimumVisualStudioVersion = 10.0.40219.1
Project("{2150E333-8FDC-42A3-9474-1A3956D46DE8}") = "4.Shared", "4.Shared", "{5929CA46-914A-475F-8C42-FA7682E9B94F}"
EndProject
Project("{2150E333-8FDC-42A3-9474-1A3956D46DE8}") = "3.Data", "3.Data", "{DF79349D-AA95-4544-8EAF-425182BEA637}"
EndProject
Project("{2150E333-8FDC-42A3-9474-1A3956D46DE8}") = "2.Business Domain", "2.Business Domain", "{159D8885-1273-4E48-9323-9154B144C8A4}"
EndProject
Project("{FAE04EC0-301F-11D3-BF4B-00C04F79EFBC}") = "Nagarro.BookEventManagement.Business", "Nagarro.BookEventManagement.Business\Nagarro.BookEventManagement.Business.csproj", "{0C127094-6021-4B2E-B505-5B27C72E706A}"
EndProject
Project("{FAE04EC0-301F-11D3-BF4B-00C04F79EFBC}") = "Nagarro.BookEventManagement.BusinessFacades", "Nagarro.BookEventManagement.BusinessFacades\Nagarro.BookEventManagement.BusinessFacades.csproj", "{F75D1622-4E3A-4BA6-985D-D39939BBA3ED}"
EndProject
Project("{FAE04EC0-301F-11D3-BF4B-00C04F79EFBC}") = "Nagarro.BookEventManagement.Data", "Nagarro.BookEventManagement.Data\Nagarro.BookEventManagement.Data.csproj", "{F85468BF-48A0-402E-9DE8-67C8BB083EAE}"
EndProject
Project("{FAE04EC0-301F-11D3-BF4B-00C04F79EFBC}") = "Nagarro.BookEventManagement.EntityDataModel", "Nagarro.BookEventManagement.EntityDataModel\Nagarro.BookEventManagement.EntityDataModel.csproj", "{D3DCEF59-46E9-4DDC-81FD-989A89EBF732}"
EndProject
Project("{2150E333-8FDC-42A3-9474-1A3956D46DE8}") = "1.Presentation", "1.Presentation", "{5794FCBD-2D96-4C5C-A7B7-97E4BE25342F}"
EndProject
Project("{FAE04EC0-301F-11D3-BF4B-00C04F79EFBC}") = "Nagarro.BookEventManagement.Console", "Nagarro.BookEventManagement.Console\Nagarro.BookEventManagement.Console.csproj", "{1F3C63A2-3593-4DAA-915D-109686207B23}"
EndProject
Project("{FAE04EC0-301F-11D3-BF4B-00C04F79EFBC}") = "Nagarro.BookEventManagement.Shared", "Nagarro.BookEventManagement.Shared\Nagarro.BookEventManagement.Shared.csproj", "{AB4F3755-3825-4571-B62C-AF8FBDAB04EE}"
EndProject
Project("{2150E333-8FDC-42A3-9474-1A3956D46DE8}") = "Tests", "Tests", "{381DC1DB-4095-4F6E-B14B-6F434AE784FE}"
EndProject
Project("{FAE04EC0-301F-11D3-BF4B-00C04F79EFBC}") = "Nagarro.BookEventManagement.Tests", "Nagarro.BookEventManagement.Tests\Nagarro.BookEventManagement.Tests.csproj", "{BE1E1AC6-86D0-43D6-9569-ECE67C6E45A3}"
EndProject
Project("{FAE04EC0-301F-11D3-BF4B-00C04F79EFBC}") = "BookEventManagement", "BookEventManagement\BookEventManagement.csproj", "{8C77ABDE-464A-44DC-A2DD-F40760F47980}"
EndProject
Global
	GlobalSection(SolutionConfigurationPlatforms) = preSolution
		Debug|Any CPU = Debug|Any CPU
		Release|Any CPU = Release|Any CPU
	EndGlobalSection
	GlobalSection(ProjectConfigurationPlatforms) = postSolution
		{0C127094-6021-4B2E-B505-5B27C72E706A}.Debug|Any CPU.ActiveCfg = Debug|Any CPU
		{0C127094-6021-4B2E-B505-5B27C72E706A}.Debug|Any CPU.Build.0 = Debug|Any CPU
		{0C127094-6021-4B2E-B505-5B27C72E706A}.Release|Any CPU.ActiveCfg = Release|Any CPU
		{0C127094-6021-4B2E-B505-5B27C72E706A}.Release|Any CPU.Build.0 = Release|Any CPU
		{F75D1622-4E3A-4BA6-985D-D39939BBA3ED}.Debug|Any CPU.ActiveCfg = Debug|Any CPU
		{F75D1622-4E3A-4BA6-985D-D39939BBA3ED}.Debug|Any CPU.Build.0 = Debug|Any CPU
		{F75D1622-4E3A-4BA6-985D-D39939BBA3ED}.Release|Any CPU.ActiveCfg = Release|Any CPU
		{F75D1622-4E3A-4BA6-985D-D39939BBA3ED}.Release|Any CPU.Build.0 = Release|Any CPU
		{F85468BF-48A0-402E-9DE8-67C8BB083EAE}.Debug|Any CPU.ActiveCfg = Debug|Any CPU
		{F85468BF-48A0-402E-9DE8-67C8BB083EAE}.Debug|Any CPU.Build.0 = Debug|Any CPU
		{F85468BF-48A0-402E-9DE8-67C8BB083EAE}.Release|Any CPU.ActiveCfg = Release|Any CPU
		{F85468BF-48A0-402E-9DE8-67C8BB083EAE}.Release|Any CPU.Build.0 = Release|Any CPU
		{D3DCEF59-46E9-4DDC-81FD-989A89EBF732}.Debug|Any CPU.ActiveCfg = Debug|Any CPU
		{D3DCEF59-46E9-4DDC-81FD-989A89EBF732}.Debug|Any CPU.Build.0 = Debug|Any CPU
		{D3DCEF59-46E9-4DDC-81FD-989A89EBF732}.Release|Any CPU.ActiveCfg = Release|Any CPU
		{D3DCEF59-46E9-4DDC-81FD-989A89EBF732}.Release|Any CPU.Build.0 = Release|Any CPU
		{1F3C63A2-3593-4DAA-915D-109686207B23}.Debug|Any CPU.ActiveCfg = Debug|Any CPU
		{1F3C63A2-3593-4DAA-915D-109686207B23}.Debug|Any CPU.Build.0 = Debug|Any CPU
		{1F3C63A2-3593-4DAA-915D-109686207B23}.Release|Any CPU.ActiveCfg = Release|Any CPU
		{1F3C63A2-3593-4DAA-915D-109686207B23}.Release|Any CPU.Build.0 = Release|Any CPU
		{AB4F3755-3825-4571-B62C-AF8FBDAB04EE}.Debug|Any CPU.ActiveCfg = Debug|Any CPU
		{AB4F3755-3825-4571-B62C-AF8FBDAB04EE}.Debug|Any CPU.Build.0 = Debug|Any CPU
		{AB4F3755-3825-4571-B62C-AF8FBDAB04EE}.Release|Any CPU.ActiveCfg = Release|Any CPU
		{AB4F3755-3825-4571-B62C-AF8FBDAB04EE}.Release|Any CPU.Build.0 = Release|Any CPU
		{BE1E1AC6-86D0-43D6-9569-ECE67C6E45A3}.Debug|Any CPU.ActiveCfg = Debug|Any CPU
		{BE1E1AC6-86D0-43D6-9569-ECE67C6E45A3}.Debug|Any CPU.Build.0 = Debug|Any CPU
		{BE1E1AC6-86D0-43D6-9569-ECE67C6E45A3}.Release|Any CPU.ActiveCfg = Release|Any CPU
		{BE1E1AC6-86D0-43D6-9569-ECE67C6E45A3}.Release|Any CPU.Build.0 = Release|Any CPU
		{8C77ABDE-464A-44DC-A2DD-F40760F47980}.Debug|Any CPU.ActiveCfg = Debug|Any CPU
		{8C77ABDE-464A-44DC-A2DD-F40760F47980}.Debug|Any CPU.Build.0 = Debug|Any CPU
		{8C77ABDE-464A-44DC-A2DD-F40760F47980}.Release|Any CPU.ActiveCfg = Release|Any CPU
		{8C77ABDE-464A-44DC-A2DD-F40760F47980}.Release|Any CPU.Build.0 = Release|Any CPU
	EndGlobalSection
	GlobalSection(SolutionProperties) = preSolution
		HideSolutionNode = FALSE
	EndGlobalSection
	GlobalSection(NestedProjects) = preSolution
		{0C127094-6021-4B2E-B505-5B27C72E706A} = {159D8885-1273-4E48-9323-9154B144C8A4}
		{F75D1622-4E3A-4BA6-985D-D39939BBA3ED} = {159D8885-1273-4E48-9323-9154B144C8A4}
		{F85468BF-48A0-402E-9DE8-67C8BB083EAE} = {DF79349D-AA95-4544-8EAF-425182BEA637}
		{D3DCEF59-46E9-4DDC-81FD-989A89EBF732} = {DF79349D-AA95-4544-8EAF-425182BEA637}
		{1F3C63A2-3593-4DAA-915D-109686207B23} = {5794FCBD-2D96-4C5C-A7B7-97E4BE25342F}
		{AB4F3755-3825-4571-B62C-AF8FBDAB04EE} = {5929CA46-914A-475F-8C42-FA7682E9B94F}
		{BE1E1AC6-86D0-43D6-9569-ECE67C6E45A3} = {381DC1DB-4095-4F6E-B14B-6F434AE784FE}
		{8C77ABDE-464A-44DC-A2DD-F40760F47980} = {5794FCBD-2D96-4C5C-A7B7-97E4BE25342F}
	EndGlobalSection
	GlobalSection(ExtensibilityGlobals) = postSolution
		SolutionGuid = {60B842F7-8A22-4425-B410-474F23898B24}
	EndGlobalSection
EndGlobal
